
Microsoft Visual Studio Solution File, Format Version 12.00
# Visual Studio Version 16
VisualStudioVersion = 16.0.31729.503
MinimumVisualStudioVersion = 10.0.40219.1
Project("{9A19103F-16F7-4668-BE54-9A1E7A4F7556}") = "MusalaGatewayProject", "MusalaGatewayProject\MusalaGatewayProject.csproj", "{0911432E-0D54-44B3-8FB4-4A93FDC8F841}"
EndProject
Project("{2150E333-8FDC-42A3-9474-1A3956D46DE8}") = "MusalaFrontApp", "MusalaFrontApp", "{7DC85B79-AC59-4FFF-B0D7-FC4E4F0C4DDD}"
EndProject
Project("{E53339B2-1760-4266-BCC7-CA923CBCF16C}") = "docker-compose", "docker-compose.dcproj", "{F03A5AA2-D301-4F84-B80F-EA962E0A80A3}"
EndProject
Global
	GlobalSection(SolutionConfigurationPlatforms) = preSolution
		Debug|Any CPU = Debug|Any CPU
		Release|Any CPU = Release|Any CPU
	EndGlobalSection
	GlobalSection(ProjectConfigurationPlatforms) = postSolution
		{0911432E-0D54-44B3-8FB4-4A93FDC8F841}.Debug|Any CPU.ActiveCfg = Debug|Any CPU
		{0911432E-0D54-44B3-8FB4-4A93FDC8F841}.Debug|Any CPU.Build.0 = Debug|Any CPU
		{0911432E-0D54-44B3-8FB4-4A93FDC8F841}.Release|Any CPU.ActiveCfg = Release|Any CPU
		{0911432E-0D54-44B3-8FB4-4A93FDC8F841}.Release|Any CPU.Build.0 = Release|Any CPU
		{F03A5AA2-D301-4F84-B80F-EA962E0A80A3}.Debug|Any CPU.ActiveCfg = Debug|Any CPU
		{F03A5AA2-D301-4F84-B80F-EA962E0A80A3}.Debug|Any CPU.Build.0 = Debug|Any CPU
		{F03A5AA2-D301-4F84-B80F-EA962E0A80A3}.Release|Any CPU.ActiveCfg = Release|Any CPU
		{F03A5AA2-D301-4F84-B80F-EA962E0A80A3}.Release|Any CPU.Build.0 = Release|Any CPU
	EndGlobalSection
	GlobalSection(SolutionProperties) = preSolution
		HideSolutionNode = FALSE
	EndGlobalSection
	GlobalSection(ExtensibilityGlobals) = postSolution
		SolutionGuid = {CC43D3FB-1DF8-4E9A-82C1-0376C9755E35}
	EndGlobalSection
EndGlobal
